
Microsoft Visual Studio Solution File, Format Version 12.00
# Visual Studio Version 17
VisualStudioVersion = 17.0.31903.59
MinimumVisualStudioVersion = 10.0.40219.1
Project("{9A19103F-16F7-4668-BE54-9A1E7A4F7556}") = "Dima.Core", "Dima.Core\Dima.Core.csproj", "{B49BF0CA-FBC7-4123-A323-C252FD2C9ABC}"
EndProject
Project("{9A19103F-16F7-4668-BE54-9A1E7A4F7556}") = "Dima.Api", "Dima.Api\Dima.Api.csproj", "{3851DD16-D767-4B5B-8981-E593746C4A97}"
EndProject
Project("{9A19103F-16F7-4668-BE54-9A1E7A4F7556}") = "Dima.App", "Dima.App\Dima.App.csproj", "{15DDC9A6-F978-48B7-A785-9FBC0E08C6A9}"
EndProject
Global
	GlobalSection(SolutionConfigurationPlatforms) = preSolution
		Debug|Any CPU = Debug|Any CPU
		Release|Any CPU = Release|Any CPU
	EndGlobalSection
	GlobalSection(ProjectConfigurationPlatforms) = postSolution
		{B49BF0CA-FBC7-4123-A323-C252FD2C9ABC}.Debug|Any CPU.ActiveCfg = Debug|Any CPU
		{B49BF0CA-FBC7-4123-A323-C252FD2C9ABC}.Debug|Any CPU.Build.0 = Debug|Any CPU
		{B49BF0CA-FBC7-4123-A323-C252FD2C9ABC}.Release|Any CPU.ActiveCfg = Release|Any CPU
		{B49BF0CA-FBC7-4123-A323-C252FD2C9ABC}.Release|Any CPU.Build.0 = Release|Any CPU
		{3851DD16-D767-4B5B-8981-E593746C4A97}.Debug|Any CPU.ActiveCfg = Debug|Any CPU
		{3851DD16-D767-4B5B-8981-E593746C4A97}.Debug|Any CPU.Build.0 = Debug|Any CPU
		{3851DD16-D767-4B5B-8981-E593746C4A97}.Release|Any CPU.ActiveCfg = Release|Any CPU
		{3851DD16-D767-4B5B-8981-E593746C4A97}.Release|Any CPU.Build.0 = Release|Any CPU
		{15DDC9A6-F978-48B7-A785-9FBC0E08C6A9}.Debug|Any CPU.ActiveCfg = Debug|Any CPU
		{15DDC9A6-F978-48B7-A785-9FBC0E08C6A9}.Debug|Any CPU.Build.0 = Debug|Any CPU
		{15DDC9A6-F978-48B7-A785-9FBC0E08C6A9}.Release|Any CPU.ActiveCfg = Release|Any CPU
		{15DDC9A6-F978-48B7-A785-9FBC0E08C6A9}.Release|Any CPU.Build.0 = Release|Any CPU
	EndGlobalSection
	GlobalSection(SolutionProperties) = preSolution
		HideSolutionNode = FALSE
	EndGlobalSection
	GlobalSection(ExtensibilityGlobals) = postSolution
		SolutionGuid = {ED59C7E8-2790-4955-BC58-0D3ED58774C9}
	EndGlobalSection
EndGlobal
